
Microsoft Visual Studio Solution File, Format Version 12.00
# Visual Studio 15
VisualStudioVersion = 15.0.27130.2036
MinimumVisualStudioVersion = 10.0.40219.1
Project("{FAE04EC0-301F-11D3-BF4B-00C04F79EFBC}") = "Unit_Tests", "UnitTests\Unit_Tests.csproj", "{87797D89-5650-4A47-913A-EA951CD03682}"
EndProject
Project("{9A19103F-16F7-4668-BE54-9A1E7A4F7556}") = "DataAccess", "DataAccess\DataAccess.csproj", "{06407BF4-EDEF-46C3-9542-4B0C2A2FF5AE}"
EndProject
Project("{9A19103F-16F7-4668-BE54-9A1E7A4F7556}") = "BusinessLogic", "BusinessLogic\BusinessLogic.csproj", "{5A29DD8D-75EF-486F-8964-F879D1C5E557}"
EndProject
Project("{9A19103F-16F7-4668-BE54-9A1E7A4F7556}") = "Shared", "Shared\Shared.csproj", "{41C8F893-5021-48DC-8F7E-4C790E90EE5B}"
EndProject
Project("{FAE04EC0-301F-11D3-BF4B-00C04F79EFBC}") = "Unit_Tests_Integration", "Unit_Integration_Tests\Unit_Tests_Integration.csproj", "{41C40A6F-6155-4E70-B36E-4077AF69B5BF}"
EndProject
Project("{FAE04EC0-301F-11D3-BF4B-00C04F79EFBC}") = "_CmcSfRestServices", "CmcSfRestServices\_CmcSfRestServices.csproj", "{EC7D54D4-49D7-4359-AC9E-7BD0922CA14C}"
EndProject
Global
	GlobalSection(SolutionConfigurationPlatforms) = preSolution
		Debug|Any CPU = Debug|Any CPU
		Debug|x64 = Debug|x64
		Debug|x86 = Debug|x86
		DevDeploy|Any CPU = DevDeploy|Any CPU
		DevDeploy|x64 = DevDeploy|x64
		DevDeploy|x86 = DevDeploy|x86
		Package|Any CPU = Package|Any CPU
		Package|x64 = Package|x64
		Package|x86 = Package|x86
		Release|Any CPU = Release|Any CPU
		Release|x64 = Release|x64
		Release|x86 = Release|x86
		Test|Any CPU = Test|Any CPU
		Test|x64 = Test|x64
		Test|x86 = Test|x86
	EndGlobalSection
	GlobalSection(ProjectConfigurationPlatforms) = postSolution
		{87797D89-5650-4A47-913A-EA951CD03682}.Debug|Any CPU.ActiveCfg = Debug|Any CPU
		{87797D89-5650-4A47-913A-EA951CD03682}.Debug|Any CPU.Build.0 = Debug|Any CPU
		{87797D89-5650-4A47-913A-EA951CD03682}.Debug|x64.ActiveCfg = Debug|x64
		{87797D89-5650-4A47-913A-EA951CD03682}.Debug|x64.Build.0 = Debug|x64
		{87797D89-5650-4A47-913A-EA951CD03682}.Debug|x86.ActiveCfg = Debug|x86
		{87797D89-5650-4A47-913A-EA951CD03682}.Debug|x86.Build.0 = Debug|x86
		{87797D89-5650-4A47-913A-EA951CD03682}.DevDeploy|Any CPU.ActiveCfg = DevDeploy|Any CPU
		{87797D89-5650-4A47-913A-EA951CD03682}.DevDeploy|Any CPU.Build.0 = DevDeploy|Any CPU
		{87797D89-5650-4A47-913A-EA951CD03682}.DevDeploy|x64.ActiveCfg = DevDeploy|x64
		{87797D89-5650-4A47-913A-EA951CD03682}.DevDeploy|x64.Build.0 = DevDeploy|x64
		{87797D89-5650-4A47-913A-EA951CD03682}.DevDeploy|x86.ActiveCfg = DevDeploy|x86
		{87797D89-5650-4A47-913A-EA951CD03682}.DevDeploy|x86.Build.0 = DevDeploy|x86
		{87797D89-5650-4A47-913A-EA951CD03682}.Package|Any CPU.ActiveCfg = DevDeploy|Any CPU
		{87797D89-5650-4A47-913A-EA951CD03682}.Package|Any CPU.Build.0 = DevDeploy|Any CPU
		{87797D89-5650-4A47-913A-EA951CD03682}.Package|x64.ActiveCfg = DevDeploy|x64
		{87797D89-5650-4A47-913A-EA951CD03682}.Package|x64.Build.0 = DevDeploy|x64
		{87797D89-5650-4A47-913A-EA951CD03682}.Package|x86.ActiveCfg = DevDeploy|x86
		{87797D89-5650-4A47-913A-EA951CD03682}.Package|x86.Build.0 = DevDeploy|x86
		{87797D89-5650-4A47-913A-EA951CD03682}.Release|Any CPU.ActiveCfg = Release|Any CPU
		{87797D89-5650-4A47-913A-EA951CD03682}.Release|Any CPU.Build.0 = Release|Any CPU
		{87797D89-5650-4A47-913A-EA951CD03682}.Release|x64.ActiveCfg = Release|x64
		{87797D89-5650-4A47-913A-EA951CD03682}.Release|x64.Build.0 = Release|x64
		{87797D89-5650-4A47-913A-EA951CD03682}.Release|x86.ActiveCfg = Release|x86
		{87797D89-5650-4A47-913A-EA951CD03682}.Release|x86.Build.0 = Release|x86
		{87797D89-5650-4A47-913A-EA951CD03682}.Test|Any CPU.ActiveCfg = Test|Any CPU
		{87797D89-5650-4A47-913A-EA951CD03682}.Test|Any CPU.Build.0 = Test|Any CPU
		{87797D89-5650-4A47-913A-EA951CD03682}.Test|x64.ActiveCfg = Test|x64
		{87797D89-5650-4A47-913A-EA951CD03682}.Test|x64.Build.0 = Test|x64
		{87797D89-5650-4A47-913A-EA951CD03682}.Test|x86.ActiveCfg = Test|x86
		{87797D89-5650-4A47-913A-EA951CD03682}.Test|x86.Build.0 = Test|x86
		{06407BF4-EDEF-46C3-9542-4B0C2A2FF5AE}.Debug|Any CPU.ActiveCfg = Debug|Any CPU
		{06407BF4-EDEF-46C3-9542-4B0C2A2FF5AE}.Debug|Any CPU.Build.0 = Debug|Any CPU
		{06407BF4-EDEF-46C3-9542-4B0C2A2FF5AE}.Debug|x64.ActiveCfg = Debug|x64
		{06407BF4-EDEF-46C3-9542-4B0C2A2FF5AE}.Debug|x64.Build.0 = Debug|x64
		{06407BF4-EDEF-46C3-9542-4B0C2A2FF5AE}.Debug|x86.ActiveCfg = Debug|x86
		{06407BF4-EDEF-46C3-9542-4B0C2A2FF5AE}.Debug|x86.Build.0 = Debug|x86
		{06407BF4-EDEF-46C3-9542-4B0C2A2FF5AE}.DevDeploy|Any CPU.ActiveCfg = DevDeploy|Any CPU
		{06407BF4-EDEF-46C3-9542-4B0C2A2FF5AE}.DevDeploy|Any CPU.Build.0 = DevDeploy|Any CPU
		{06407BF4-EDEF-46C3-9542-4B0C2A2FF5AE}.DevDeploy|x64.ActiveCfg = DevDeploy|x64
		{06407BF4-EDEF-46C3-9542-4B0C2A2FF5AE}.DevDeploy|x64.Build.0 = DevDeploy|x64
		{06407BF4-EDEF-46C3-9542-4B0C2A2FF5AE}.DevDeploy|x86.ActiveCfg = DevDeploy|x86
		{06407BF4-EDEF-46C3-9542-4B0C2A2FF5AE}.DevDeploy|x86.Build.0 = DevDeploy|x86
		{06407BF4-EDEF-46C3-9542-4B0C2A2FF5AE}.Package|Any CPU.ActiveCfg = DevDeploy|Any CPU
		{06407BF4-EDEF-46C3-9542-4B0C2A2FF5AE}.Package|Any CPU.Build.0 = DevDeploy|Any CPU
		{06407BF4-EDEF-46C3-9542-4B0C2A2FF5AE}.Package|x64.ActiveCfg = Test|x64
		{06407BF4-EDEF-46C3-9542-4B0C2A2FF5AE}.Package|x64.Build.0 = Test|x64
		{06407BF4-EDEF-46C3-9542-4B0C2A2FF5AE}.Package|x86.ActiveCfg = Test|x86
		{06407BF4-EDEF-46C3-9542-4B0C2A2FF5AE}.Package|x86.Build.0 = Test|x86
		{06407BF4-EDEF-46C3-9542-4B0C2A2FF5AE}.Release|Any CPU.ActiveCfg = Release|Any CPU
		{06407BF4-EDEF-46C3-9542-4B0C2A2FF5AE}.Release|Any CPU.Build.0 = Release|Any CPU
		{06407BF4-EDEF-46C3-9542-4B0C2A2FF5AE}.Release|x64.ActiveCfg = Release|x64
		{06407BF4-EDEF-46C3-9542-4B0C2A2FF5AE}.Release|x64.Build.0 = Release|x64
		{06407BF4-EDEF-46C3-9542-4B0C2A2FF5AE}.Release|x86.ActiveCfg = Release|x86
		{06407BF4-EDEF-46C3-9542-4B0C2A2FF5AE}.Release|x86.Build.0 = Release|x86
		{06407BF4-EDEF-46C3-9542-4B0C2A2FF5AE}.Test|Any CPU.ActiveCfg = Test|Any CPU
		{06407BF4-EDEF-46C3-9542-4B0C2A2FF5AE}.Test|Any CPU.Build.0 = Test|Any CPU
		{06407BF4-EDEF-46C3-9542-4B0C2A2FF5AE}.Test|x64.ActiveCfg = Test|x64
		{06407BF4-EDEF-46C3-9542-4B0C2A2FF5AE}.Test|x64.Build.0 = Test|x64
		{06407BF4-EDEF-46C3-9542-4B0C2A2FF5AE}.Test|x86.ActiveCfg = Test|x86
		{06407BF4-EDEF-46C3-9542-4B0C2A2FF5AE}.Test|x86.Build.0 = Test|x86
		{5A29DD8D-75EF-486F-8964-F879D1C5E557}.Debug|Any CPU.ActiveCfg = Debug|Any CPU
		{5A29DD8D-75EF-486F-8964-F879D1C5E557}.Debug|Any CPU.Build.0 = Debug|Any CPU
		{5A29DD8D-75EF-486F-8964-F879D1C5E557}.Debug|x64.ActiveCfg = Debug|x64
		{5A29DD8D-75EF-486F-8964-F879D1C5E557}.Debug|x64.Build.0 = Debug|x64
		{5A29DD8D-75EF-486F-8964-F879D1C5E557}.Debug|x86.ActiveCfg = Debug|x86
		{5A29DD8D-75EF-486F-8964-F879D1C5E557}.Debug|x86.Build.0 = Debug|x86
		{5A29DD8D-75EF-486F-8964-F879D1C5E557}.DevDeploy|Any CPU.ActiveCfg = DevDeploy|Any CPU
		{5A29DD8D-75EF-486F-8964-F879D1C5E557}.DevDeploy|Any CPU.Build.0 = DevDeploy|Any CPU
		{5A29DD8D-75EF-486F-8964-F879D1C5E557}.DevDeploy|x64.ActiveCfg = DevDeploy|x64
		{5A29DD8D-75EF-486F-8964-F879D1C5E557}.DevDeploy|x64.Build.0 = DevDeploy|x64
		{5A29DD8D-75EF-486F-8964-F879D1C5E557}.DevDeploy|x86.ActiveCfg = DevDeploy|x86
		{5A29DD8D-75EF-486F-8964-F879D1C5E557}.DevDeploy|x86.Build.0 = DevDeploy|x86
		{5A29DD8D-75EF-486F-8964-F879D1C5E557}.Package|Any CPU.ActiveCfg = DevDeploy|Any CPU
		{5A29DD8D-75EF-486F-8964-F879D1C5E557}.Package|Any CPU.Build.0 = DevDeploy|Any CPU
		{5A29DD8D-75EF-486F-8964-F879D1C5E557}.Package|x64.ActiveCfg = Test|x64
		{5A29DD8D-75EF-486F-8964-F879D1C5E557}.Package|x64.Build.0 = Test|x64
		{5A29DD8D-75EF-486F-8964-F879D1C5E557}.Package|x86.ActiveCfg = Test|x86
		{5A29DD8D-75EF-486F-8964-F879D1C5E557}.Package|x86.Build.0 = Test|x86
		{5A29DD8D-75EF-486F-8964-F879D1C5E557}.Release|Any CPU.ActiveCfg = Release|Any CPU
		{5A29DD8D-75EF-486F-8964-F879D1C5E557}.Release|Any CPU.Build.0 = Release|Any CPU
		{5A29DD8D-75EF-486F-8964-F879D1C5E557}.Release|x64.ActiveCfg = Release|x64
		{5A29DD8D-75EF-486F-8964-F879D1C5E557}.Release|x64.Build.0 = Release|x64
		{5A29DD8D-75EF-486F-8964-F879D1C5E557}.Release|x86.ActiveCfg = Release|x86
		{5A29DD8D-75EF-486F-8964-F879D1C5E557}.Release|x86.Build.0 = Release|x86
		{5A29DD8D-75EF-486F-8964-F879D1C5E557}.Test|Any CPU.ActiveCfg = Test|Any CPU
		{5A29DD8D-75EF-486F-8964-F879D1C5E557}.Test|Any CPU.Build.0 = Test|Any CPU
		{5A29DD8D-75EF-486F-8964-F879D1C5E557}.Test|x64.ActiveCfg = Test|x64
		{5A29DD8D-75EF-486F-8964-F879D1C5E557}.Test|x64.Build.0 = Test|x64
		{5A29DD8D-75EF-486F-8964-F879D1C5E557}.Test|x86.ActiveCfg = Test|x86
		{5A29DD8D-75EF-486F-8964-F879D1C5E557}.Test|x86.Build.0 = Test|x86
		{41C8F893-5021-48DC-8F7E-4C790E90EE5B}.Debug|Any CPU.ActiveCfg = Debug|Any CPU
		{41C8F893-5021-48DC-8F7E-4C790E90EE5B}.Debug|Any CPU.Build.0 = Debug|Any CPU
		{41C8F893-5021-48DC-8F7E-4C790E90EE5B}.Debug|x64.ActiveCfg = Debug|x64
		{41C8F893-5021-48DC-8F7E-4C790E90EE5B}.Debug|x64.Build.0 = Debug|x64
		{41C8F893-5021-48DC-8F7E-4C790E90EE5B}.Debug|x86.ActiveCfg = Debug|x86
		{41C8F893-5021-48DC-8F7E-4C790E90EE5B}.Debug|x86.Build.0 = Debug|x86
		{41C8F893-5021-48DC-8F7E-4C790E90EE5B}.DevDeploy|Any CPU.ActiveCfg = DevDeploy|Any CPU
		{41C8F893-5021-48DC-8F7E-4C790E90EE5B}.DevDeploy|Any CPU.Build.0 = DevDeploy|Any CPU
		{41C8F893-5021-48DC-8F7E-4C790E90EE5B}.DevDeploy|x64.ActiveCfg = DevDeploy|x64
		{41C8F893-5021-48DC-8F7E-4C790E90EE5B}.DevDeploy|x64.Build.0 = DevDeploy|x64
		{41C8F893-5021-48DC-8F7E-4C790E90EE5B}.DevDeploy|x86.ActiveCfg = DevDeploy|x86
		{41C8F893-5021-48DC-8F7E-4C790E90EE5B}.DevDeploy|x86.Build.0 = DevDeploy|x86
		{41C8F893-5021-48DC-8F7E-4C790E90EE5B}.Package|Any CPU.ActiveCfg = DevDeploy|Any CPU
		{41C8F893-5021-48DC-8F7E-4C790E90EE5B}.Package|Any CPU.Build.0 = DevDeploy|Any CPU
		{41C8F893-5021-48DC-8F7E-4C790E90EE5B}.Package|x64.ActiveCfg = DevDeploy|x64
		{41C8F893-5021-48DC-8F7E-4C790E90EE5B}.Package|x64.Build.0 = DevDeploy|x64
		{41C8F893-5021-48DC-8F7E-4C790E90EE5B}.Package|x86.ActiveCfg = DevDeploy|x86
		{41C8F893-5021-48DC-8F7E-4C790E90EE5B}.Package|x86.Build.0 = DevDeploy|x86
		{41C8F893-5021-48DC-8F7E-4C790E90EE5B}.Release|Any CPU.ActiveCfg = Release|Any CPU
		{41C8F893-5021-48DC-8F7E-4C790E90EE5B}.Release|Any CPU.Build.0 = Release|Any CPU
		{41C8F893-5021-48DC-8F7E-4C790E90EE5B}.Release|x64.ActiveCfg = Release|x64
		{41C8F893-5021-48DC-8F7E-4C790E90EE5B}.Release|x64.Build.0 = Release|x64
		{41C8F893-5021-48DC-8F7E-4C790E90EE5B}.Release|x86.ActiveCfg = Release|x86
		{41C8F893-5021-48DC-8F7E-4C790E90EE5B}.Release|x86.Build.0 = Release|x86
		{41C8F893-5021-48DC-8F7E-4C790E90EE5B}.Test|Any CPU.ActiveCfg = Debug|Any CPU
		{41C8F893-5021-48DC-8F7E-4C790E90EE5B}.Test|Any CPU.Build.0 = Debug|Any CPU
		{41C8F893-5021-48DC-8F7E-4C790E90EE5B}.Test|x64.ActiveCfg = DevDeploy|x64
		{41C8F893-5021-48DC-8F7E-4C790E90EE5B}.Test|x64.Build.0 = DevDeploy|x64
		{41C8F893-5021-48DC-8F7E-4C790E90EE5B}.Test|x86.ActiveCfg = DevDeploy|x86
		{41C8F893-5021-48DC-8F7E-4C790E90EE5B}.Test|x86.Build.0 = DevDeploy|x86
		{41C40A6F-6155-4E70-B36E-4077AF69B5BF}.Debug|Any CPU.ActiveCfg = Debug|Any CPU
		{41C40A6F-6155-4E70-B36E-4077AF69B5BF}.Debug|Any CPU.Build.0 = Debug|Any CPU
		{41C40A6F-6155-4E70-B36E-4077AF69B5BF}.Debug|x64.ActiveCfg = Debug|x64
		{41C40A6F-6155-4E70-B36E-4077AF69B5BF}.Debug|x64.Build.0 = Debug|x64
		{41C40A6F-6155-4E70-B36E-4077AF69B5BF}.Debug|x86.ActiveCfg = Debug|x86
		{41C40A6F-6155-4E70-B36E-4077AF69B5BF}.Debug|x86.Build.0 = Debug|x86
		{41C40A6F-6155-4E70-B36E-4077AF69B5BF}.DevDeploy|Any CPU.ActiveCfg = DevDeploy|Any CPU
		{41C40A6F-6155-4E70-B36E-4077AF69B5BF}.DevDeploy|Any CPU.Build.0 = DevDeploy|Any CPU
		{41C40A6F-6155-4E70-B36E-4077AF69B5BF}.DevDeploy|x64.ActiveCfg = DevDeploy|x64
		{41C40A6F-6155-4E70-B36E-4077AF69B5BF}.DevDeploy|x64.Build.0 = DevDeploy|x64
		{41C40A6F-6155-4E70-B36E-4077AF69B5BF}.DevDeploy|x86.ActiveCfg = DevDeploy|x86
		{41C40A6F-6155-4E70-B36E-4077AF69B5BF}.DevDeploy|x86.Build.0 = DevDeploy|x86
		{41C40A6F-6155-4E70-B36E-4077AF69B5BF}.Package|Any CPU.ActiveCfg = DevDeploy|Any CPU
		{41C40A6F-6155-4E70-B36E-4077AF69B5BF}.Package|Any CPU.Build.0 = DevDeploy|Any CPU
		{41C40A6F-6155-4E70-B36E-4077AF69B5BF}.Package|x64.ActiveCfg = DevDeploy|x64
		{41C40A6F-6155-4E70-B36E-4077AF69B5BF}.Package|x64.Build.0 = DevDeploy|x64
		{41C40A6F-6155-4E70-B36E-4077AF69B5BF}.Package|x86.ActiveCfg = DevDeploy|x86
		{41C40A6F-6155-4E70-B36E-4077AF69B5BF}.Package|x86.Build.0 = DevDeploy|x86
		{41C40A6F-6155-4E70-B36E-4077AF69B5BF}.Release|Any CPU.ActiveCfg = Release|Any CPU
		{41C40A6F-6155-4E70-B36E-4077AF69B5BF}.Release|Any CPU.Build.0 = Release|Any CPU
		{41C40A6F-6155-4E70-B36E-4077AF69B5BF}.Release|x64.ActiveCfg = Release|x64
		{41C40A6F-6155-4E70-B36E-4077AF69B5BF}.Release|x64.Build.0 = Release|x64
		{41C40A6F-6155-4E70-B36E-4077AF69B5BF}.Release|x86.ActiveCfg = Release|x86
		{41C40A6F-6155-4E70-B36E-4077AF69B5BF}.Release|x86.Build.0 = Release|x86
		{41C40A6F-6155-4E70-B36E-4077AF69B5BF}.Test|Any CPU.ActiveCfg = Debug|Any CPU
		{41C40A6F-6155-4E70-B36E-4077AF69B5BF}.Test|Any CPU.Build.0 = Debug|Any CPU
		{41C40A6F-6155-4E70-B36E-4077AF69B5BF}.Test|x64.ActiveCfg = Test|x64
		{41C40A6F-6155-4E70-B36E-4077AF69B5BF}.Test|x64.Build.0 = Test|x64
		{41C40A6F-6155-4E70-B36E-4077AF69B5BF}.Test|x86.ActiveCfg = Test|x86
		{41C40A6F-6155-4E70-B36E-4077AF69B5BF}.Test|x86.Build.0 = Test|x86
		{EC7D54D4-49D7-4359-AC9E-7BD0922CA14C}.Debug|Any CPU.ActiveCfg = Debug|Any CPU
		{EC7D54D4-49D7-4359-AC9E-7BD0922CA14C}.Debug|Any CPU.Build.0 = Debug|Any CPU
		{EC7D54D4-49D7-4359-AC9E-7BD0922CA14C}.Debug|x64.ActiveCfg = Debug|x64
		{EC7D54D4-49D7-4359-AC9E-7BD0922CA14C}.Debug|x64.Build.0 = Debug|x64
		{EC7D54D4-49D7-4359-AC9E-7BD0922CA14C}.Debug|x86.ActiveCfg = Debug|x86
		{EC7D54D4-49D7-4359-AC9E-7BD0922CA14C}.Debug|x86.Build.0 = Debug|x86
		{EC7D54D4-49D7-4359-AC9E-7BD0922CA14C}.DevDeploy|Any CPU.ActiveCfg = DevDeploy|Any CPU
		{EC7D54D4-49D7-4359-AC9E-7BD0922CA14C}.DevDeploy|Any CPU.Build.0 = DevDeploy|Any CPU
		{EC7D54D4-49D7-4359-AC9E-7BD0922CA14C}.DevDeploy|x64.ActiveCfg = DevDeploy|x64
		{EC7D54D4-49D7-4359-AC9E-7BD0922CA14C}.DevDeploy|x64.Build.0 = DevDeploy|x64
		{EC7D54D4-49D7-4359-AC9E-7BD0922CA14C}.DevDeploy|x86.ActiveCfg = DevDeploy|x86
		{EC7D54D4-49D7-4359-AC9E-7BD0922CA14C}.DevDeploy|x86.Build.0 = DevDeploy|x86
		{EC7D54D4-49D7-4359-AC9E-7BD0922CA14C}.Package|Any CPU.ActiveCfg = DevDeploy|Any CPU
		{EC7D54D4-49D7-4359-AC9E-7BD0922CA14C}.Package|Any CPU.Build.0 = DevDeploy|Any CPU
		{EC7D54D4-49D7-4359-AC9E-7BD0922CA14C}.Package|x64.ActiveCfg = DevDeploy|x64
		{EC7D54D4-49D7-4359-AC9E-7BD0922CA14C}.Package|x64.Build.0 = DevDeploy|x64
		{EC7D54D4-49D7-4359-AC9E-7BD0922CA14C}.Package|x86.ActiveCfg = DevDeploy|x86
		{EC7D54D4-49D7-4359-AC9E-7BD0922CA14C}.Package|x86.Build.0 = DevDeploy|x86
		{EC7D54D4-49D7-4359-AC9E-7BD0922CA14C}.Release|Any CPU.ActiveCfg = Release|Any CPU
		{EC7D54D4-49D7-4359-AC9E-7BD0922CA14C}.Release|Any CPU.Build.0 = Release|Any CPU
		{EC7D54D4-49D7-4359-AC9E-7BD0922CA14C}.Release|x64.ActiveCfg = Release|x64
		{EC7D54D4-49D7-4359-AC9E-7BD0922CA14C}.Release|x64.Build.0 = Release|x64
		{EC7D54D4-49D7-4359-AC9E-7BD0922CA14C}.Release|x86.ActiveCfg = Release|x86
		{EC7D54D4-49D7-4359-AC9E-7BD0922CA14C}.Release|x86.Build.0 = Release|x86
		{EC7D54D4-49D7-4359-AC9E-7BD0922CA14C}.Test|Any CPU.ActiveCfg = Test|Any CPU
		{EC7D54D4-49D7-4359-AC9E-7BD0922CA14C}.Test|Any CPU.Build.0 = Test|Any CPU
		{EC7D54D4-49D7-4359-AC9E-7BD0922CA14C}.Test|x64.ActiveCfg = Test|x64
		{EC7D54D4-49D7-4359-AC9E-7BD0922CA14C}.Test|x64.Build.0 = Test|x64
		{EC7D54D4-49D7-4359-AC9E-7BD0922CA14C}.Test|x86.ActiveCfg = Test|x86
		{EC7D54D4-49D7-4359-AC9E-7BD0922CA14C}.Test|x86.Build.0 = Test|x86
	EndGlobalSection
	GlobalSection(SolutionProperties) = preSolution
		HideSolutionNode = FALSE
	EndGlobalSection
	GlobalSection(ExtensibilityGlobals) = postSolution
		SolutionGuid = {390EAB25-A87C-4BC4-BCF7-B411E72A0AD7}
	EndGlobalSection
	GlobalSection(Performance) = preSolution
		HasPerformanceSessions = true
	EndGlobalSection
	GlobalSection(Performance) = preSolution
		HasPerformanceSessions = true
	EndGlobalSection
EndGlobal
